lockfileVersion: 5.3

specifiers:
  '@sveltejs/vite-plugin-svelte': ^1.0.0-next.6
  autoprefixer: ^10.2.5
  postcss: ^8.2.10
  svelte: ^3.35.0
  svelte-preprocess: ^4.6.9
  tailwindcss: ^2.1.1
  typescript: ^4.2.3
  vite: ^2.1.5

devDependencies:
  '@sveltejs/vite-plugin-svelte': registry.nlark.com/@sveltejs/vite-plugin-svelte/1.0.0-next.6_svelte@3.37.0+vite@2.1.5
  autoprefixer: 10.2.5_postcss@8.2.10
  postcss: 8.2.10
  svelte: 3.37.0
  svelte-preprocess: 4.7.0_4459c0d51e55f30ed0a441cf9b362a0d
  tailwindcss: 2.1.1_02ae6d0a5709fa7b5d38be2fad8eebc6
  typescript: 4.2.4
  vite: 2.1.5

packages:

  /@fullhuman/postcss-purgecss/3.1.3:
    resolution: {integrity: sha1-R697h8m/s95LyUo4+HW5KP/98zk=, tarball: '@fullhuman/postcss-purgecss/download/@fullhuman/postcss-purgecss-3.1.3.tgz'}
    dependencies:
      purgecss: 3.1.3
    dev: true

  /@nodelib/fs.scandir/2.1.4:
    resolution: {integrity: sha1-1LNUml213iaD4MEHGrTxQJBLv2k=, tarball: '@nodelib/fs.scandir/download/@nodelib/fs.scandir-2.1.4.tgz'}
    engines: {node: '>= 8'}
    dependencies:
      '@nodelib/fs.stat': 2.0.4
      run-parallel: 1.2.0
    dev: true

  /@nodelib/fs.stat/2.0.4:
    resolution: {integrity: sha1-o/LdYbq0O424+hCKEhz//kxnZlU=, tarball: '@nodelib/fs.stat/download/@nodelib/fs.stat-2.0.4.tgz'}
    engines: {node: '>= 8'}
    dev: true

  /@nodelib/fs.walk/1.2.6:
    resolution: {integrity: sha1-zOk5azCqWv6eN1Zgj1gxrctT0GM=, tarball: '@nodelib/fs.walk/download/@nodelib/fs.walk-1.2.6.tgz'}
    engines: {node: '>= 8'}
    dependencies:
      '@nodelib/fs.scandir': 2.1.4
      fastq: 1.11.0
    dev: true

  /@rollup/pluginutils/4.1.0:
    resolution: {integrity: sha1-Dcxhx4DjkldVT+t/dyB9zsoTyDg=, tarball: '@rollup/pluginutils/download/@rollup/pluginutils-4.1.0.tgz'}
    engines: {node: '>= 8.0.0'}
    peerDependencies:
      rollup: ^1.20.0||^2.0.0
    dependencies:
      estree-walker: 2.0.2
      picomatch: 2.2.3
    dev: true

  /@types/node/14.14.41:
    resolution: {integrity: sha1-0Lk52Uwde9U9BIJK9F8RObjEVhU=, tarball: '@types/node/download/@types/node-14.14.41.tgz'}
    dev: true

  /@types/pug/2.0.4:
    resolution: {integrity: sha1-h3L80EGOPNLMFxVV1zAHQVBR9LI=, tarball: '@types/pug/download/@types/pug-2.0.4.tgz'}
    dev: true

  /@types/sass/1.16.0:
    resolution: {integrity: sha1-tBrBwX+mj/tX1D4jYEhu9Saz1X0=, tarball: '@types/sass/download/@types/sass-1.16.0.tgz'}
    dependencies:
      '@types/node': 14.14.41
    dev: true

  /acorn-node/1.8.2:
    resolution: {integrity: sha1-EUyV1kU55T3t4j3oudlt98euKvg=, tarball: acorn-node/download/acorn-node-1.8.2.tgz}
    dependencies:
      acorn: 7.4.1
      acorn-walk: 7.2.0
      xtend: 4.0.2
    dev: true

  /acorn-walk/7.2.0:
    resolution: {integrity: sha1-DeiJpgEgOQmw++B7iTjcIdLpZ7w=, tarball: acorn-walk/download/acorn-walk-7.2.0.tgz}
    engines: {node: '>=0.4.0'}
    dev: true

  /acorn/7.4.1:
    resolution: {integrity: sha1-/q7SVZc9LndVW4PbwIhRpsY1IPo=, tarball: acorn/download/acorn-7.4.1.tgz}
    engines: {node: '>=0.4.0'}
    hasBin: true
    dev: true

  /ansi-styles/3.2.1:
    resolution: {integrity: sha1-QfuyAkPlCxK+DwS43tvwdSDOhB0=, tarball: ansi-styles/download/ansi-styles-3.2.1.tgz}
    engines: {node: '>=4'}
    dependencies:
      color-convert: 1.9.3
    dev: true

  /ansi-styles/4.3.0:
    resolution: {integrity: sha1-7dgDYornHATIWuegkG7a00tkiTc=, tarball: ansi-styles/download/ansi-styles-4.3.0.tgz}
    engines: {node: '>=8'}
    dependencies:
      color-convert: 2.0.1
    dev: true

  /anymatch/3.1.2:
    resolution: {integrity: sha1-wFV8CWrzLxBhmPT04qODU343hxY=, tarball: anymatch/download/anymatch-3.1.2.tgz?cache=0&sync_timestamp=1617748091214&other_urls=https%3A%2F%2Fregistry.npm.taobao.org%2Fanymatch%2Fdownload%2Fanymatch-3.1.2.tgz}
    engines: {node: '>= 8'}
    dependencies:
      normalize-path: 3.0.0
      picomatch: 2.2.3
    dev: true

  /at-least-node/1.0.0:
    resolution: {integrity: sha1-YCzUtG6EStTv/JKoARo8RuAjjcI=, tarball: at-least-node/download/at-least-node-1.0.0.tgz}
    engines: {node: '>= 4.0.0'}
    dev: true

  /autoprefixer/10.2.5_postcss@8.2.10:
    resolution: {integrity: sha1-CWoDN9vJbAhzUm1/713kQo0FOC0=, tarball: autoprefixer/download/autoprefixer-10.2.5.tgz}
    engines: {node: ^10 || ^12 || >=14}
    hasBin: true
    peerDependencies:
      postcss: ^8.1.0
    dependencies:
      browserslist: 4.16.4
      caniuse-lite: 1.0.30001209
      colorette: 1.2.2
      fraction.js: 4.0.13
      normalize-range: 0.1.2
      postcss: 8.2.10
      postcss-value-parser: 4.1.0
    dev: true

  /balanced-match/1.0.2:
    resolution: {integrity: sha1-6D46fj8wCzTLnYf2FfoMvzV2kO4=, tarball: balanced-match/download/balanced-match-1.0.2.tgz?cache=0&sync_timestamp=1617715564545&other_urls=https%3A%2F%2Fregistry.npm.taobao.org%2Fbalanced-match%2Fdownload%2Fbalanced-match-1.0.2.tgz}
    dev: true

  /binary-extensions/2.2.0:
    resolution: {integrity: sha1-dfUC7q+f/eQvyYgpZFvk6na9ni0=, tarball: binary-extensions/download/binary-extensions-2.2.0.tgz}
    engines: {node: '>=8'}
    dev: true

  /brace-expansion/1.1.11:
    resolution: {integrity: sha1-PH/L9SnYcibz0vUrlm/1Jx60Qd0=, tarball: brace-expansion/download/brace-expansion-1.1.11.tgz}
    dependencies:
      balanced-match: 1.0.2
      concat-map: 0.0.1
    dev: true

  /braces/3.0.2:
    resolution: {integrity: sha1-NFThpGLujVmeI23zNs2epPiv4Qc=, tarball: braces/download/braces-3.0.2.tgz}
    engines: {node: '>=8'}
    dependencies:
      fill-range: 7.0.1
    dev: true

  /browserslist/4.16.4:
    resolution: {integrity: sha1-fr+RNIf0DK9GN7iSsmgGmVHDXVg=, tarball: browserslist/download/browserslist-4.16.4.tgz}
    engines: {node: ^6 || ^7 || ^8 || ^9 || ^10 || ^11 || ^12 || >=13.7}
    hasBin: true
    dependencies:
      caniuse-lite: 1.0.30001209
      colorette: 1.2.2
      electron-to-chromium: 1.3.717
      escalade: 3.1.1
      node-releases: 1.1.71
    dev: true

  /bytes/3.1.0:
    resolution: {integrity: sha1-9s95M6Ng4FiPqf3oVlHNx/gF0fY=, tarball: bytes/download/bytes-3.1.0.tgz}
    engines: {node: '>= 0.8'}
    dev: true

  /camelcase-css/2.0.1:
    resolution: {integrity: sha1-7pePaUeRTMMMa0R0G27R338EP9U=, tarball: camelcase-css/download/camelcase-css-2.0.1.tgz}
    engines: {node: '>= 6'}
    dev: true

  /caniuse-lite/1.0.30001209:
    resolution: {integrity: sha1-G7S+C9EY6Y4hz7fvYXse8hZGIvQ=, tarball: caniuse-lite/download/caniuse-lite-1.0.30001209.tgz}
    dev: true

  /chalk/2.4.2:
    resolution: {integrity: sha1-zUJUFnelQzPPVBpJEIwUMrRMlCQ=, tarball: chalk/download/chalk-2.4.2.tgz}
    engines: {node: '>=4'}
    dependencies:
      ansi-styles: 3.2.1
      escape-string-regexp: 1.0.5
      supports-color: 5.5.0
    dev: true

  /chalk/4.1.0:
    resolution: {integrity: sha1-ThSHCmGNni7dl92DRf2dncMVZGo=, tarball: chalk/download/chalk-4.1.0.tgz}
    engines: {node: '>=10'}
    dependencies:
      ansi-styles: 4.3.0
      supports-color: 7.2.0
    dev: true

  /chokidar/3.5.1:
    resolution: {integrity: sha1-7pznu+vSt59J8wR5nVRo4x4U5oo=, tarball: chokidar/download/chokidar-3.5.1.tgz}
    engines: {node: '>= 8.10.0'}
    dependencies:
      anymatch: 3.1.2
      braces: 3.0.2
      glob-parent: 5.1.2
      is-binary-path: 2.1.0
      is-glob: 4.0.1
      normalize-path: 3.0.0
      readdirp: 3.5.0
    optionalDependencies:
      fsevents: 2.3.2
    dev: true

  /color-convert/1.9.3:
    resolution: {integrity: sha1-u3GFBpDh8TZWfeYp0tVHHe2kweg=, tarball: color-convert/download/color-convert-1.9.3.tgz}
    dependencies:
      color-name: 1.1.3
    dev: true

  /color-convert/2.0.1:
    resolution: {integrity: sha1-ctOmjVmMm9s68q0ehPIdiWq9TeM=, tarball: color-convert/download/color-convert-2.0.1.tgz}
    engines: {node: '>=7.0.0'}
    dependencies:
      color-name: 1.1.4
    dev: true

  /color-name/1.1.3:
    resolution: {integrity: sha1-p9BVi9icQveV3UIyj3QIMcpTvCU=, tarball: color-name/download/color-name-1.1.3.tgz}
    dev: true

  /color-name/1.1.4:
    resolution: {integrity: sha1-wqCah6y95pVD3m9j+jmVyCbFNqI=, tarball: color-name/download/color-name-1.1.4.tgz}
    dev: true

  /color-string/1.5.5:
    resolution: {integrity: sha1-ZUdKjw50OWJfPSemoZ2J/EUiMBQ=, tarball: color-string/download/color-string-1.5.5.tgz}
    dependencies:
      color-name: 1.1.4
      simple-swizzle: 0.2.2
    dev: true

  /color/3.1.3:
    resolution: {integrity: sha1-ymf7TnuX1hHc3jns7tQiBn2RWW4=, tarball: color/download/color-3.1.3.tgz}
    dependencies:
      color-convert: 1.9.3
      color-string: 1.5.5
    dev: true

  /colorette/1.2.2:
    resolution: {integrity: sha1-y8x51emcrqLb8Q6zom/Ys+as+pQ=, tarball: colorette/download/colorette-1.2.2.tgz}
    dev: true

  /commander/6.2.1:
    resolution: {integrity: sha1-B5LraC37wyWZm7K4T93duhEKxzw=, tarball: commander/download/commander-6.2.1.tgz}
    engines: {node: '>= 6'}
    dev: true

  /concat-map/0.0.1:
    resolution: {integrity: sha1-2Klr13/Wjfd5OnMDajug1UBdR3s=, tarball: concat-map/download/concat-map-0.0.1.tgz}
    dev: true

  /css-unit-converter/1.1.2:
    resolution: {integrity: sha1-THf1oZVObb/2BpXsshTjJwQ2qyE=, tarball: css-unit-converter/download/css-unit-converter-1.1.2.tgz}
    dev: true

  /cssesc/3.0.0:
    resolution: {integrity: sha1-N3QZGZA7hoVl4cCep0dEXNGJg+4=, tarball: cssesc/download/cssesc-3.0.0.tgz}
    engines: {node: '>=4'}
    hasBin: true
    dev: true

  /debug/4.3.2:
    resolution: {integrity: sha1-8KScGKyHeeMdSgxgKd+3aHPHQos=, tarball: debug/download/debug-4.3.2.tgz}
    engines: {node: '>=6.0'}
    peerDependencies:
      supports-color: '*'
    peerDependenciesMeta:
      supports-color:
        optional: true
    dependencies:
      ms: 2.1.2
    dev: true

  /defined/1.0.0:
    resolution: {integrity: sha1-yY2bzvdWdBiOEQlpFRGZ45sfppM=, tarball: defined/download/defined-1.0.0.tgz}
    dev: true

  /detect-indent/6.0.0:
    resolution: {integrity: sha1-Cr0PVJ9p/GZZolT+lnhhhrb1KP0=, tarball: detect-indent/download/detect-indent-6.0.0.tgz}
    engines: {node: '>=8'}
    dev: true

  /detective/5.2.0:
    resolution: {integrity: sha1-/rKnfoW5BOzepFmtiXzJCpm9Kns=, tarball: detective/download/detective-5.2.0.tgz}
    engines: {node: '>=0.8.0'}
    hasBin: true
    dependencies:
      acorn-node: 1.8.2
      defined: 1.0.0
      minimist: 1.2.5
    dev: true

  /didyoumean/1.2.1:
    resolution: {integrity: sha1-6S7f2tplN9SE1zwBcv0eugxJdv8=, tarball: didyoumean/download/didyoumean-1.2.1.tgz}
    dev: true

  /dlv/1.1.3:
    resolution: {integrity: sha1-XBmKihFFNZbnUUlNSYdLx3MvLnk=, tarball: dlv/download/dlv-1.1.3.tgz}
    dev: true

  /electron-to-chromium/1.3.717:
    resolution: {integrity: sha1-eNTIVwcHVftYq2S8wXPbHVHLwl8=, tarball: electron-to-chromium/download/electron-to-chromium-1.3.717.tgz?cache=0&sync_timestamp=1618409200962&other_urls=https%3A%2F%2Fregistry.npm.taobao.org%2Felectron-to-chromium%2Fdownload%2Felectron-to-chromium-1.3.717.tgz}
    dev: true

  /esbuild/0.9.7:
    resolution: {integrity: sha1-6g1jnL5LiOwl++1Nb/AMjXiO9ws=, tarball: esbuild/download/esbuild-0.9.7.tgz}
    hasBin: true
    requiresBuild: true
    dev: true

  /escalade/3.1.1:
    resolution: {integrity: sha1-2M/ccACWXFoBdLSoLqpcBVJ0LkA=, tarball: escalade/download/escalade-3.1.1.tgz}
    engines: {node: '>=6'}
    dev: true

  /escape-string-regexp/1.0.5:
    resolution: {integrity: sha1-G2HAViGQqN/2rjuyzwIAyhMLhtQ=, tarball: escape-string-regexp/download/escape-string-regexp-1.0.5.tgz?cache=0&sync_timestamp=1618678010951&other_urls=https%3A%2F%2Fregistry.npm.taobao.org%2Fescape-string-regexp%2Fdownload%2Fescape-string-regexp-1.0.5.tgz}
    engines: {node: '>=0.8.0'}
    dev: true

  /estree-walker/2.0.2:
    resolution: {integrity: sha1-UvAQF4wqTBF6d1fP6UKtt9LaTKw=, tarball: estree-walker/download/estree-walker-2.0.2.tgz}
    dev: true

  /fast-glob/3.2.5:
    resolution: {integrity: sha1-eTmvKmVt55pPGQGQPuityqfLlmE=, tarball: fast-glob/download/fast-glob-3.2.5.tgz}
    engines: {node: '>=8'}
    dependencies:
      '@nodelib/fs.stat': 2.0.4
      '@nodelib/fs.walk': 1.2.6
      glob-parent: 5.1.2
      merge2: 1.4.1
      micromatch: 4.0.4
      picomatch: 2.2.3
    dev: true

  /fastq/1.11.0:
    resolution: {integrity: sha1-u5+5VaBxMKkY62PB9RYcwypdCFg=, tarball: fastq/download/fastq-1.11.0.tgz}
    dependencies:
      reusify: 1.0.4
    dev: true

  /fill-range/7.0.1:
    resolution: {integrity: sha1-GRmmp8df44ssfHflGYU12prN2kA=, tarball: fill-range/download/fill-range-7.0.1.tgz}
    engines: {node: '>=8'}
    dependencies:
      to-regex-range: 5.0.1
    dev: true

  /fraction.js/4.0.13:
    resolution: {integrity: sha1-PBwxX6FrNchf/6lXJaNvpynGnf4=, tarball: fraction.js/download/fraction.js-4.0.13.tgz}
    dev: true

  /fs-extra/9.1.0:
    resolution: {integrity: sha1-WVRGDHZKjaIJS6NVS/g55rmnyG0=, tarball: fs-extra/download/fs-extra-9.1.0.tgz}
    engines: {node: '>=10'}
    dependencies:
      at-least-node: 1.0.0
      graceful-fs: 4.2.6
      jsonfile: 6.1.0
      universalify: 2.0.0
    dev: true

  /fs.realpath/1.0.0:
    resolution: {integrity: sha1-FQStJSMVjKpA20onh8sBQRmU6k8=, tarball: fs.realpath/download/fs.realpath-1.0.0.tgz}
    dev: true

  /fsevents/2.3.2:
    resolution: {integrity: sha1-ilJveLj99GI7cJ4Ll1xSwkwC/Ro=, tarball: fsevents/download/fsevents-2.3.2.tgz}
    engines: {node: ^8.16.0 || ^10.6.0 || >=11.0.0}
    dev: true
    optional: true

  /function-bind/1.1.1:
    resolution: {integrity: sha1-pWiZ0+o8m6uHS7l3O3xe3pL0iV0=, tarball: function-bind/download/function-bind-1.1.1.tgz}
    dev: true

  /glob-base/0.3.0:
    resolution: {integrity: sha1-27Fk9iIbHAscz4Kuoyi0l98Oo8Q=, tarball: glob-base/download/glob-base-0.3.0.tgz}
    engines: {node: '>=0.10.0'}
    dependencies:
      glob-parent: 2.0.0
      is-glob: 2.0.1
    dev: true

  /glob-parent/2.0.0:
    resolution: {integrity: sha1-gTg9ctsFT8zPUzbaqQLxgvbtuyg=, tarball: glob-parent/download/glob-parent-2.0.0.tgz}
    dependencies:
      is-glob: 2.0.1
    dev: true

  /glob-parent/5.1.2:
    resolution: {integrity: sha1-hpgyxYA0/mikCTwX3BXoNA2EAcQ=, tarball: glob-parent/download/glob-parent-5.1.2.tgz}
    engines: {node: '>= 6'}
    dependencies:
      is-glob: 4.0.1
    dev: true

  /glob/7.1.6:
    resolution: {integrity: sha1-FB8zuBp8JJLhJVlDB0gMRmeSeKY=, tarball: glob/download/glob-7.1.6.tgz}
    dependencies:
      fs.realpath: 1.0.0
      inflight: 1.0.6
      inherits: 2.0.4
      minimatch: 3.0.4
      once: 1.4.0
      path-is-absolute: 1.0.1
    dev: true

  /graceful-fs/4.2.6:
    resolution: {integrity: sha1-/wQLKwhTsjw9MQJ1I3BvGIXXa+4=, tarball: graceful-fs/download/graceful-fs-4.2.6.tgz}
    dev: true

  /has-flag/3.0.0:
    resolution: {integrity: sha1-tdRU3CGZriJWmfNGfloH87lVuv0=, tarball: has-flag/download/has-flag-3.0.0.tgz?cache=0&sync_timestamp=1618559697170&other_urls=https%3A%2F%2Fregistry.npm.taobao.org%2Fhas-flag%2Fdownload%2Fhas-flag-3.0.0.tgz}
    engines: {node: '>=4'}
    dev: true

  /has-flag/4.0.0:
    resolution: {integrity: sha1-lEdx/ZyByBJlxNaUGGDaBrtZR5s=, tarball: has-flag/download/has-flag-4.0.0.tgz?cache=0&sync_timestamp=1618559697170&other_urls=https%3A%2F%2Fregistry.npm.taobao.org%2Fhas-flag%2Fdownload%2Fhas-flag-4.0.0.tgz}
    engines: {node: '>=8'}
    dev: true

  /has/1.0.3:
    resolution: {integrity: sha1-ci18v8H2qoJB8W3YFOAR4fQeh5Y=, tarball: has/download/has-1.0.3.tgz}
    engines: {node: '>= 0.4.0'}
    dependencies:
      function-bind: 1.1.1
    dev: true

  /hash-sum/2.0.0:
    resolution: {integrity: sha1-gdAbtd6OpKIUrV1urRtSNGCwtFo=, tarball: hash-sum/download/hash-sum-2.0.0.tgz}
    dev: true

  /html-tags/3.1.0:
    resolution: {integrity: sha1-e15vfmZen7QfMAB+2eDUHpf7IUA=, tarball: html-tags/download/html-tags-3.1.0.tgz}
    engines: {node: '>=8'}
    dev: true

  /indexes-of/1.0.1:
    resolution: {integrity: sha1-8w9xbI4r00bHtn0985FVZqfAVgc=, tarball: indexes-of/download/indexes-of-1.0.1.tgz}
    dev: true

  /inflight/1.0.6:
    resolution: {integrity: sha1-Sb1jMdfQLQwJvJEKEHW6gWW1bfk=, tarball: inflight/download/inflight-1.0.6.tgz}
    dependencies:
      once: 1.4.0
      wrappy: 1.0.2
    dev: true

  /inherits/2.0.4:
    resolution: {integrity: sha1-D6LGT5MpF8NDOg3tVTY6rjdBa3w=, tarball: inherits/download/inherits-2.0.4.tgz}
    dev: true

  /is-arrayish/0.3.2:
    resolution: {integrity: sha1-RXSirlb3qyBolvtDHq7tBm/fjwM=, tarball: is-arrayish/download/is-arrayish-0.3.2.tgz}
    dev: true

  /is-binary-path/2.1.0:
    resolution: {integrity: sha1-6h9/O4DwZCNug0cPhsCcJU+0Wwk=, tarball: is-binary-path/download/is-binary-path-2.1.0.tgz}
    engines: {node: '>=8'}
    dependencies:
      binary-extensions: 2.2.0
    dev: true

  /is-core-module/2.2.0:
    resolution: {integrity: sha1-lwN+89UiJNhRY/VZeytj2a/tmBo=, tarball: is-core-module/download/is-core-module-2.2.0.tgz}
    dependencies:
      has: 1.0.3
    dev: true

  /is-dotfile/1.0.3:
    resolution: {integrity: sha1-pqLzL/0t+wT1yiXs0Pa4PPeYoeE=, tarball: is-dotfile/download/is-dotfile-1.0.3.tgz}
    engines: {node: '>=0.10.0'}
    dev: true

  /is-extglob/1.0.0:
    resolution: {integrity: sha1-rEaBd8SUNAWgkvyPKXYMb/xiBsA=, tarball: is-extglob/download/is-extglob-1.0.0.tgz}
    engines: {node: '>=0.10.0'}
    dev: true

  /is-extglob/2.1.1:
    resolution: {integrity: sha1-qIwCU1eR8C7TfHahueqXc8gz+MI=, tarball: is-extglob/download/is-extglob-2.1.1.tgz}
    engines: {node: '>=0.10.0'}
    dev: true

  /is-glob/2.0.1:
    resolution: {integrity: sha1-0Jb5JqPe1WAPP9/ZEZjLCIjC2GM=, tarball: is-glob/download/is-glob-2.0.1.tgz}
    engines: {node: '>=0.10.0'}
    dependencies:
      is-extglob: 1.0.0
    dev: true

  /is-glob/4.0.1:
    resolution: {integrity: sha1-dWfb6fL14kZ7x3q4PEopSCQHpdw=, tarball: is-glob/download/is-glob-4.0.1.tgz}
    engines: {node: '>=0.10.0'}
    dependencies:
      is-extglob: 2.1.1
    dev: true

  /is-number/7.0.0:
    resolution: {integrity: sha1-dTU0W4lnNNX4DE0GxQlVUnoU8Ss=, tarball: is-number/download/is-number-7.0.0.tgz}
    engines: {node: '>=0.12.0'}
    dev: true

  /jsonfile/6.1.0:
    resolution: {integrity: sha1-vFWyY0eTxnnsZAMJTrE2mKbsCq4=, tarball: jsonfile/download/jsonfile-6.1.0.tgz}
    dependencies:
      universalify: 2.0.0
    optionalDependencies:
      graceful-fs: 4.2.6
    dev: true

  /lodash.toarray/4.4.0:
    resolution: {integrity: sha1-JMS/zWsvuji/0FlNsRedjptlZWE=, tarball: lodash.toarray/download/lodash.toarray-4.4.0.tgz}
    dev: true

  /lodash.topath/4.5.2:
    resolution: {integrity: sha1-NhY1Hzu6YZlKCTGYlmC9AyVP0Ak=, tarball: lodash.topath/download/lodash.topath-4.5.2.tgz}
    dev: true

  /lodash/4.17.21:
    resolution: {integrity: sha1-Z5WRxWTDv/quhFTPCz3zcMPWkRw=, tarball: lodash/download/lodash-4.17.21.tgz}
    dev: true

  /merge2/1.4.1:
    resolution: {integrity: sha1-Q2iJL4hekHRVpv19xVwMnUBJkK4=, tarball: merge2/download/merge2-1.4.1.tgz}
    engines: {node: '>= 8'}
    dev: true

  /micromatch/4.0.4:
    resolution: {integrity: sha1-iW1Rnf6dsl/OlM63pQCRm/iB6/k=, tarball: micromatch/download/micromatch-4.0.4.tgz}
    engines: {node: '>=8.6'}
    dependencies:
      braces: 3.0.2
      picomatch: 2.2.3
    dev: true

  /min-indent/1.0.1:
    resolution: {integrity: sha1-pj9oFnOzBXH76LwlaGrnRu76mGk=, tarball: min-indent/download/min-indent-1.0.1.tgz}
    engines: {node: '>=4'}
    dev: true

  /minimatch/3.0.4:
    resolution: {integrity: sha1-UWbihkV/AzBgZL5Ul+jbsMPTIIM=, tarball: minimatch/download/minimatch-3.0.4.tgz}
    dependencies:
      brace-expansion: 1.1.11
    dev: true

  /minimist/1.2.5:
    resolution: {integrity: sha1-Z9ZgFLZqaoqqDAg8X9WN9OTpdgI=, tarball: minimist/download/minimist-1.2.5.tgz}
    dev: true

  /modern-normalize/1.0.0:
    resolution: {integrity: sha1-U52EoeFBM4sBs0bz4nOW0O0XYB4=, tarball: modern-normalize/download/modern-normalize-1.0.0.tgz}
    engines: {node: '>=6'}
    dev: true

  /ms/2.1.2:
    resolution: {integrity: sha1-0J0fNXtEP0kzgqjrPM0YOHKuYAk=, tarball: ms/download/ms-2.1.2.tgz}
    dev: true

  /nanoid/3.1.22:
    resolution: {integrity: sha1-s1+Pt9FRmQqK69WqUBXAPPcm+EQ=, tarball: nanoid/download/nanoid-3.1.22.tgz?cache=0&sync_timestamp=1615849023075&other_urls=https%3A%2F%2Fregistry.npm.taobao.org%2Fnanoid%2Fdownload%2Fnanoid-3.1.22.tgz}
    engines: {node: ^10 || ^12 || ^13.7 || ^14 || >=15.0.1}
    hasBin: true
    dev: true

  /node-emoji/1.10.0:
    resolution: {integrity: sha1-iIar0l2ce7YYAqZYUj0fjSqJsto=, tarball: node-emoji/download/node-emoji-1.10.0.tgz}
    dependencies:
      lodash.toarray: 4.4.0
    dev: true

  /node-releases/1.1.71:
    resolution: {integrity: sha1-yxM0sXmJaxyJ7P3UtyX7e738fbs=, tarball: node-releases/download/node-releases-1.1.71.tgz}
    dev: true

  /normalize-path/3.0.0:
    resolution: {integrity: sha1-Dc1p/yOhybEf0JeDFmRKA4ghamU=, tarball: normalize-path/download/normalize-path-3.0.0.tgz}
    engines: {node: '>=0.10.0'}
    dev: true

  /normalize-range/0.1.2:
    resolution: {integrity: sha1-LRDAa9/TEuqXd2laTShDlFa3WUI=, tarball: normalize-range/download/normalize-range-0.1.2.tgz}
    engines: {node: '>=0.10.0'}
    dev: true

  /object-assign/4.1.1:
    resolution: {integrity: sha1-IQmtx5ZYh8/AXLvUQsrIv7s2CGM=, tarball: object-assign/download/object-assign-4.1.1.tgz}
    engines: {node: '>=0.10.0'}
    dev: true

  /object-hash/2.1.1:
    resolution: {integrity: sha1-lEfQJ5tPz4DP8yWb9modxzr6vgk=, tarball: object-hash/download/object-hash-2.1.1.tgz}
    engines: {node: '>= 6'}
    dev: true

  /once/1.4.0:
    resolution: {integrity: sha1-WDsap3WWHUsROsF9nFC6753Xa9E=, tarball: once/download/once-1.4.0.tgz}
    dependencies:
      wrappy: 1.0.2
    dev: true

  /parse-glob/3.0.4:
    resolution: {integrity: sha1-ssN2z7EfNVE7rdFz7wu246OIORw=, tarball: parse-glob/download/parse-glob-3.0.4.tgz}
    engines: {node: '>=0.10.0'}
    dependencies:
      glob-base: 0.3.0
      is-dotfile: 1.0.3
      is-extglob: 1.0.0
      is-glob: 2.0.1
    dev: true

  /path-is-absolute/1.0.1:
    resolution: {integrity: sha1-F0uSaHNVNP+8es5r9TpanhtcX18=, tarball: path-is-absolute/download/path-is-absolute-1.0.1.tgz}
    engines: {node: '>=0.10.0'}
    dev: true

  /path-parse/1.0.6:
    resolution: {integrity: sha1-1i27VnlAXXLEc37FhgDp3c8G0kw=, tarball: path-parse/download/path-parse-1.0.6.tgz}
    dev: true

  /picomatch/2.2.3:
    resolution: {integrity: sha1-RlVH81nMwgbTxI5Goby4m/fuYZ0=, tarball: picomatch/download/picomatch-2.2.3.tgz}
    engines: {node: '>=8.6'}
    dev: true

  /postcss-functions/3.0.0:
    resolution: {integrity: sha1-DpTQFERwCkgd4g3k1V+yZAVkJQ4=, tarball: postcss-functions/download/postcss-functions-3.0.0.tgz}
    dependencies:
      glob: 7.1.6
      object-assign: 4.1.1
      postcss: 6.0.23
      postcss-value-parser: 3.3.1
    dev: true

  /postcss-js/3.0.3:
    resolution: {integrity: sha1-LwvTcKLoWZ1FQ59pcEA7WHOr2jM=, tarball: postcss-js/download/postcss-js-3.0.3.tgz}
    engines: {node: '>=10.0'}
    dependencies:
      camelcase-css: 2.0.1
      postcss: 8.2.10
    dev: true

  /postcss-nested/5.0.5_postcss@8.2.10:
    resolution: {integrity: sha1-8KEH0zqfqxHXY3IF9TIeJyI+NgM=, tarball: postcss-nested/download/postcss-nested-5.0.5.tgz}
    engines: {node: '>=10.0'}
    peerDependencies:
      postcss: ^8.1.13
    dependencies:
      postcss: 8.2.10
      postcss-selector-parser: 6.0.4
    dev: true

  /postcss-selector-parser/6.0.4:
    resolution: {integrity: sha1-VgdaE4CgRgTDiwY+p3Z6Epr1wrM=, tarball: postcss-selector-parser/download/postcss-selector-parser-6.0.4.tgz}
    engines: {node: '>=4'}
    dependencies:
      cssesc: 3.0.0
      indexes-of: 1.0.1
      uniq: 1.0.1
      util-deprecate: 1.0.2
    dev: true

  /postcss-value-parser/3.3.1:
    resolution: {integrity: sha1-n/giVH4okyE88cMO+lGsX9G6goE=, tarball: postcss-value-parser/download/postcss-value-parser-3.3.1.tgz}
    dev: true

  /postcss-value-parser/4.1.0:
    resolution: {integrity: sha1-RD9qIM7WSBor2k+oUypuVdeJoss=, tarball: postcss-value-parser/download/postcss-value-parser-4.1.0.tgz}
    dev: true

  /postcss/6.0.23:
    resolution: {integrity: sha1-YcgswyisYOZ3ZF+XkFTrmLwOMyQ=, tarball: postcss/download/postcss-6.0.23.tgz}
    engines: {node: '>=4.0.0'}
    dependencies:
      chalk: 2.4.2
      source-map: 0.6.1
      supports-color: 5.5.0
    dev: true

  /postcss/8.2.10:
    resolution: {integrity: sha1-ynoEKqiv9JSzNND/Pp53B59vcCs=, tarball: postcss/download/postcss-8.2.10.tgz}
    engines: {node: ^10 || ^12 || >=14}
    dependencies:
      colorette: 1.2.2
      nanoid: 3.1.22
      source-map: 0.6.1
    dev: true

  /pretty-hrtime/1.0.3:
    resolution: {integrity: sha1-t+PqQkNaTJsnWdmeDyAesZWALuE=, tarball: pretty-hrtime/download/pretty-hrtime-1.0.3.tgz}
    engines: {node: '>= 0.8'}
    dev: true

  /purgecss/3.1.3:
    resolution: {integrity: sha1-Jph+wJ0S7q3DGOIvblqesL4JT0E=, tarball: purgecss/download/purgecss-3.1.3.tgz}
    hasBin: true
    dependencies:
      commander: 6.2.1
      glob: 7.1.6
      postcss: 8.2.10
      postcss-selector-parser: 6.0.4
    dev: true

  /queue-microtask/1.2.3:
    resolution: {integrity: sha1-SSkii7xyTfrEPg77BYyve2z7YkM=, tarball: queue-microtask/download/queue-microtask-1.2.3.tgz}
    dev: true

  /quick-lru/5.1.1:
    resolution: {integrity: sha1-NmST5rPkKjpoheLpnRj4D7eoyTI=, tarball: quick-lru/download/quick-lru-5.1.1.tgz}
    engines: {node: '>=10'}
    dev: true

  /readdirp/3.5.0:
    resolution: {integrity: sha1-m6dMAZsV02UnjS6Ru4xI17TULJ4=, tarball: readdirp/download/readdirp-3.5.0.tgz?cache=0&sync_timestamp=1615719701333&other_urls=https%3A%2F%2Fregistry.npm.taobao.org%2Freaddirp%2Fdownload%2Freaddirp-3.5.0.tgz}
    engines: {node: '>=8.10.0'}
    dependencies:
      picomatch: 2.2.3
    dev: true

  /reduce-css-calc/2.1.8:
    resolution: {integrity: sha1-fvh2GijWFJgNwMmC93LJP3qZ3gM=, tarball: reduce-css-calc/download/reduce-css-calc-2.1.8.tgz}
    dependencies:
      css-unit-converter: 1.1.2
      postcss-value-parser: 3.3.1
    dev: true

  /require-relative/0.8.7:
    resolution: {integrity: sha1-eZlTn8ngR6N5KPoZb44VY9q9Nt4=, tarball: require-relative/download/require-relative-0.8.7.tgz}
    dev: true

  /resolve/1.20.0:
    resolution: {integrity: sha1-YpoBP7P3B1XW8LeTXMHCxTeLGXU=, tarball: resolve/download/resolve-1.20.0.tgz}
    dependencies:
      is-core-module: 2.2.0
      path-parse: 1.0.6
    dev: true

  /reusify/1.0.4:
    resolution: {integrity: sha1-kNo4Kx4SbvwCFG6QhFqI2xKSXXY=, tarball: reusify/download/reusify-1.0.4.tgz}
    engines: {iojs: '>=1.0.0', node: '>=0.10.0'}
    dev: true

  /rollup/2.45.2:
    resolution: {integrity: sha1-j7hZF8nzVgVyDpIyjzzL+6b3i0g=, tarball: rollup/download/rollup-2.45.2.tgz}
    engines: {node: '>=10.0.0'}
    hasBin: true
    optionalDependencies:
      fsevents: 2.3.2
    dev: true

  /run-parallel/1.2.0:
    resolution: {integrity: sha1-ZtE2jae9+SHrnZW9GpIp5/IaQ+4=, tarball: run-parallel/download/run-parallel-1.2.0.tgz?cache=0&other_urls=https%3A%2F%2Fregistry.npm.taobao.org%2Frun-parallel%2Fdownload%2Frun-parallel-1.2.0.tgz}
    dependencies:
      queue-microtask: 1.2.3
    dev: true

  /simple-swizzle/0.2.2:
    resolution: {integrity: sha1-pNprY1/8zMoz9w0Xy5JZLeleVXo=, tarball: simple-swizzle/download/simple-swizzle-0.2.2.tgz}
    dependencies:
      is-arrayish: 0.3.2
    dev: true

  /slash/3.0.0:
    resolution: {integrity: sha1-ZTm+hwwWWtvVJAIg2+Nh8bxNRjQ=, tarball: slash/download/slash-3.0.0.tgz}
    engines: {node: '>=8'}
    dev: true

  /source-map/0.6.1:
    resolution: {integrity: sha1-dHIq8y6WFOnCh6jQu95IteLxomM=, tarball: source-map/download/source-map-0.6.1.tgz}
    engines: {node: '>=0.10.0'}
    dev: true

  /source-map/0.7.3:
    resolution: {integrity: sha1-UwL4FpAxc1ImVECS5kmB91F1A4M=, tarball: source-map/download/source-map-0.7.3.tgz}
    engines: {node: '>= 8'}
    dev: true

  /strip-indent/3.0.0:
    resolution: {integrity: sha1-wy4c7pQLazQyx3G8LFS8znPNMAE=, tarball: strip-indent/download/strip-indent-3.0.0.tgz}
    engines: {node: '>=8'}
    dependencies:
      min-indent: 1.0.1
    dev: true

  /supports-color/5.5.0:
    resolution: {integrity: sha1-4uaaRKyHcveKHsCzW2id9lMO/I8=, tarball: supports-color/download/supports-color-5.5.0.tgz}
    engines: {node: '>=4'}
    dependencies:
      has-flag: 3.0.0
    dev: true

  /supports-color/7.2.0:
    resolution: {integrity: sha1-G33NyzK4E4gBs+R4umpRyqiWSNo=, tarball: supports-color/download/supports-color-7.2.0.tgz}
    engines: {node: '>=8'}
    dependencies:
      has-flag: 4.0.0
    dev: true

  /svelte-hmr/0.14.0_svelte@3.37.0:
    resolution: {integrity: sha1-0RxtK1PR583lG1fNt+ZcDkQVy40=, tarball: svelte-hmr/download/svelte-hmr-0.14.0.tgz}
    peerDependencies:
      svelte: '>=3.19.0'
    dependencies:
      svelte: 3.37.0
    dev: true

  /svelte-preprocess/4.7.0_4459c0d51e55f30ed0a441cf9b362a0d:
    resolution: {integrity: sha1-EKCs8aixr91+Cv83afQXXrd3dv4=, tarball: svelte-preprocess/download/svelte-preprocess-4.7.0.tgz}
    engines: {node: '>= 9.11.2'}
    requiresBuild: true
    peerDependencies:
      '@babel/core': ^7.10.2
      coffeescript: ^2.5.1
      less: ^3.11.3
      node-sass: '*'
      postcss: ^7 || ^8
      postcss-load-config: ^2.1.0 || ^3.0.0
      pug: ^3.0.0
      sass: ^1.26.8
      stylus: ^0.54.7
      sugarss: ^2.0.0
      svelte: ^3.23.0
      typescript: ^3.9.5 || ^4.0.0
    peerDependenciesMeta:
      '@babel/core':
        optional: true
      coffeescript:
        optional: true
      less:
        optional: true
      node-sass:
        optional: true
      postcss:
        optional: true
      postcss-load-config:
        optional: true
      pug:
        optional: true
      sass:
        optional: true
      stylus:
        optional: true
      sugarss:
        optional: true
      typescript:
        optional: true
    dependencies:
      '@types/pug': 2.0.4
      '@types/sass': 1.16.0
      detect-indent: 6.0.0
      postcss: 8.2.10
      strip-indent: 3.0.0
      svelte: 3.37.0
      typescript: 4.2.4
    dev: true

  /svelte/3.37.0:
    resolution: {integrity: sha1-3HzSS8wnXNs/jGhK2onlBIkUTM0=, tarball: svelte/download/svelte-3.37.0.tgz}
    engines: {node: '>= 8'}
    dev: true

  /tailwindcss/2.1.1_02ae6d0a5709fa7b5d38be2fad8eebc6:
    resolution: {integrity: sha1-ZC9gOMkoOo4UVNo0WFuLfBoeiHc=, tarball: tailwindcss/download/tailwindcss-2.1.1.tgz}
    engines: {node: '>=12.13.0'}
    hasBin: true
    peerDependencies:
      autoprefixer: ^10.0.2
      postcss: ^8.0.9
    dependencies:
      '@fullhuman/postcss-purgecss': 3.1.3
      autoprefixer: 10.2.5_postcss@8.2.10
      bytes: 3.1.0
      chalk: 4.1.0
      chokidar: 3.5.1
      color: 3.1.3
      detective: 5.2.0
      didyoumean: 1.2.1
      dlv: 1.1.3
      fast-glob: 3.2.5
      fs-extra: 9.1.0
      html-tags: 3.1.0
      lodash: 4.17.21
      lodash.topath: 4.5.2
      modern-normalize: 1.0.0
      node-emoji: 1.10.0
      normalize-path: 3.0.0
      object-hash: 2.1.1
      parse-glob: 3.0.4
      postcss: 8.2.10
      postcss-functions: 3.0.0
      postcss-js: 3.0.3
      postcss-nested: 5.0.5_postcss@8.2.10
      postcss-selector-parser: 6.0.4
      postcss-value-parser: 4.1.0
      pretty-hrtime: 1.0.3
      quick-lru: 5.1.1
      reduce-css-calc: 2.1.8
      resolve: 1.20.0
    dev: true

  /to-regex-range/5.0.1:
    resolution: {integrity: sha1-FkjESq58jZiKMmAY7XL1tN0DkuQ=, tarball: to-regex-range/download/to-regex-range-5.0.1.tgz}
    engines: {node: '>=8.0'}
    dependencies:
      is-number: 7.0.0
    dev: true

  /typescript/4.2.4:
    resolution: {integrity: sha1-hhC1l0feAo/aiYqK7w4QPxVtCWE=, tarball: typescript/download/typescript-4.2.4.tgz}
    engines: {node: '>=4.2.0'}
    hasBin: true
    dev: true

  /uniq/1.0.1:
    resolution: {integrity: sha1-sxxa6CVIRKOoKBVBzisEuGWnNP8=, tarball: uniq/download/uniq-1.0.1.tgz}
    dev: true

  /universalify/2.0.0:
    resolution: {integrity: sha1-daSYTv7cSwiXXFrrc/Uw0C3yVxc=, tarball: universalify/download/universalify-2.0.0.tgz}
    engines: {node: '>= 10.0.0'}
    dev: true

  /util-deprecate/1.0.2:
    resolution: {integrity: sha1-RQ1Nyfpw3nMnYvvS1KKJgUGaDM8=, tarball: util-deprecate/download/util-deprecate-1.0.2.tgz}
    dev: true

  /vite/2.1.5:
    resolution: {integrity: sha1-SFfaRBxi95gsg8vV9CoAMw8gycE=, tarball: vite/download/vite-2.1.5.tgz}
    engines: {node: '>=12.0.0'}
    hasBin: true
    dependencies:
      esbuild: 0.9.7
      postcss: 8.2.10
      resolve: 1.20.0
      rollup: 2.45.2
    optionalDependencies:
      fsevents: 2.3.2
    dev: true

  /wrappy/1.0.2:
    resolution: {integrity: sha1-tSQ9jz7BqjXxNkYFvA0QNuMKtp8=, tarball: wrappy/download/wrappy-1.0.2.tgz}
    dev: true

  /xtend/4.0.2:
    resolution: {integrity: sha1-u3J3n1+kZRhrH0OPZ0+jR/2121Q=, tarball: xtend/download/xtend-4.0.2.tgz}
    engines: {node: '>=0.4'}
    dev: true

  registry.nlark.com/@sveltejs/vite-plugin-svelte/1.0.0-next.6_svelte@3.37.0+vite@2.1.5:
    resolution: {integrity: sha1-wWZ6+bgkXTHcrMipFCIdgX1rwgI=, registry: https://registry.npm.taobao.org/, tarball: https://registry.nlark.com/@sveltejs/vite-plugin-svelte/download/@sveltejs/vite-plugin-svelte-1.0.0-next.6.tgz}
    id: registry.nlark.com/@sveltejs/vite-plugin-svelte/1.0.0-next.6
    name: '@sveltejs/vite-plugin-svelte'
    version: 1.0.0-next.6
    engines: {node: '>=12.0.0'}
    peerDependencies:
      svelte: ^3.37.0
      vite: ^2.1.5
    dependencies:
      '@rollup/pluginutils': 4.1.0
      chalk: 4.1.0
      debug: 4.3.2
      hash-sum: 2.0.0
      require-relative: 0.8.7
      slash: 3.0.0
      source-map: 0.7.3
      svelte: 3.37.0
      svelte-hmr: 0.14.0_svelte@3.37.0
      vite: 2.1.5
    transitivePeerDependencies:
      - rollup
      - supports-color
    dev: true
